
Microsoft Visual Studio Solution File, Format Version 12.00
# Visual Studio Version 16
VisualStudioVersion = 16.0.30114.105
MinimumVisualStudioVersion = 10.0.40219.1
Project("{FAE04EC0-301F-11D3-BF4B-00C04F79EFBC}") = "ProAtividade.API", "Proatividade.API\ProAtividade.API.csproj", "{59082F46-A60E-4295-B457-294C04788A04}"
EndProject
Project("{FAE04EC0-301F-11D3-BF4B-00C04F79EFBC}") = "Proatividade.Data", "Proatividade.Data\Proatividade.Data.csproj", "{2A9B7BFF-FB26-4C21-BD4A-3A598438F06B}"
EndProject
Project("{FAE04EC0-301F-11D3-BF4B-00C04F79EFBC}") = "Proatividade.Domain", "Proatividade.Domain\Proatividade.Domain.csproj", "{8653769D-C56B-4095-A1C9-942AC8CED316}"
EndProject
Global
	GlobalSection(SolutionConfigurationPlatforms) = preSolution
		Debug|Any CPU = Debug|Any CPU
		Debug|x64 = Debug|x64
		Debug|x86 = Debug|x86
		Release|Any CPU = Release|Any CPU
		Release|x64 = Release|x64
		Release|x86 = Release|x86
	EndGlobalSection
	GlobalSection(SolutionProperties) = preSolution
		HideSolutionNode = FALSE
	EndGlobalSection
	GlobalSection(ProjectConfigurationPlatforms) = postSolution
		{59082F46-A60E-4295-B457-294C04788A04}.Debug|Any CPU.ActiveCfg = Debug|Any CPU
		{59082F46-A60E-4295-B457-294C04788A04}.Debug|Any CPU.Build.0 = Debug|Any CPU
		{59082F46-A60E-4295-B457-294C04788A04}.Debug|x64.ActiveCfg = Debug|Any CPU
		{59082F46-A60E-4295-B457-294C04788A04}.Debug|x64.Build.0 = Debug|Any CPU
		{59082F46-A60E-4295-B457-294C04788A04}.Debug|x86.ActiveCfg = Debug|Any CPU
		{59082F46-A60E-4295-B457-294C04788A04}.Debug|x86.Build.0 = Debug|Any CPU
		{59082F46-A60E-4295-B457-294C04788A04}.Release|Any CPU.ActiveCfg = Release|Any CPU
		{59082F46-A60E-4295-B457-294C04788A04}.Release|Any CPU.Build.0 = Release|Any CPU
		{59082F46-A60E-4295-B457-294C04788A04}.Release|x64.ActiveCfg = Release|Any CPU
		{59082F46-A60E-4295-B457-294C04788A04}.Release|x64.Build.0 = Release|Any CPU
		{59082F46-A60E-4295-B457-294C04788A04}.Release|x86.ActiveCfg = Release|Any CPU
		{59082F46-A60E-4295-B457-294C04788A04}.Release|x86.Build.0 = Release|Any CPU
		{2A9B7BFF-FB26-4C21-BD4A-3A598438F06B}.Debug|Any CPU.ActiveCfg = Debug|Any CPU
		{2A9B7BFF-FB26-4C21-BD4A-3A598438F06B}.Debug|Any CPU.Build.0 = Debug|Any CPU
		{2A9B7BFF-FB26-4C21-BD4A-3A598438F06B}.Debug|x64.ActiveCfg = Debug|Any CPU
		{2A9B7BFF-FB26-4C21-BD4A-3A598438F06B}.Debug|x64.Build.0 = Debug|Any CPU
		{2A9B7BFF-FB26-4C21-BD4A-3A598438F06B}.Debug|x86.ActiveCfg = Debug|Any CPU
		{2A9B7BFF-FB26-4C21-BD4A-3A598438F06B}.Debug|x86.Build.0 = Debug|Any CPU
		{2A9B7BFF-FB26-4C21-BD4A-3A598438F06B}.Release|Any CPU.ActiveCfg = Release|Any CPU
		{2A9B7BFF-FB26-4C21-BD4A-3A598438F06B}.Release|Any CPU.Build.0 = Release|Any CPU
		{2A9B7BFF-FB26-4C21-BD4A-3A598438F06B}.Release|x64.ActiveCfg = Release|Any CPU
		{2A9B7BFF-FB26-4C21-BD4A-3A598438F06B}.Release|x64.Build.0 = Release|Any CPU
		{2A9B7BFF-FB26-4C21-BD4A-3A598438F06B}.Release|x86.ActiveCfg = Release|Any CPU
		{2A9B7BFF-FB26-4C21-BD4A-3A598438F06B}.Release|x86.Build.0 = Release|Any CPU
		{8653769D-C56B-4095-A1C9-942AC8CED316}.Debug|Any CPU.ActiveCfg = Debug|Any CPU
		{8653769D-C56B-4095-A1C9-942AC8CED316}.Debug|Any CPU.Build.0 = Debug|Any CPU
		{8653769D-C56B-4095-A1C9-942AC8CED316}.Debug|x64.ActiveCfg = Debug|Any CPU
		{8653769D-C56B-4095-A1C9-942AC8CED316}.Debug|x64.Build.0 = Debug|Any CPU
		{8653769D-C56B-4095-A1C9-942AC8CED316}.Debug|x86.ActiveCfg = Debug|Any CPU
		{8653769D-C56B-4095-A1C9-942AC8CED316}.Debug|x86.Build.0 = Debug|Any CPU
		{8653769D-C56B-4095-A1C9-942AC8CED316}.Release|Any CPU.ActiveCfg = Release|Any CPU
		{8653769D-C56B-4095-A1C9-942AC8CED316}.Release|Any CPU.Build.0 = Release|Any CPU
		{8653769D-C56B-4095-A1C9-942AC8CED316}.Release|x64.ActiveCfg = Release|Any CPU
		{8653769D-C56B-4095-A1C9-942AC8CED316}.Release|x64.Build.0 = Release|Any CPU
		{8653769D-C56B-4095-A1C9-942AC8CED316}.Release|x86.ActiveCfg = Release|Any CPU
		{8653769D-C56B-4095-A1C9-942AC8CED316}.Release|x86.Build.0 = Release|Any CPU
	EndGlobalSection
EndGlobal
