
Microsoft Visual Studio Solution File, Format Version 12.00
# Visual Studio Version 17
VisualStudioVersion = 17.5.002.0
MinimumVisualStudioVersion = 10.0.40219.1
Project("{9A19103F-16F7-4668-BE54-9A1E7A4F7556}") = "ProAtividade.API", "ProAtividade.API.csproj", "{711A3D5F-105B-46B3-9677-C16078F6F9AE}"
EndProject
Global
	GlobalSection(SolutionConfigurationPlatforms) = preSolution
		Debug|Any CPU = Debug|Any CPU
		Release|Any CPU = Release|Any CPU
	EndGlobalSection
	GlobalSection(ProjectConfigurationPlatforms) = postSolution
		{711A3D5F-105B-46B3-9677-C16078F6F9AE}.Debug|Any CPU.ActiveCfg = Debug|Any CPU
		{711A3D5F-105B-46B3-9677-C16078F6F9AE}.Debug|Any CPU.Build.0 = Debug|Any CPU
		{711A3D5F-105B-46B3-9677-C16078F6F9AE}.Release|Any CPU.ActiveCfg = Release|Any CPU
		{711A3D5F-105B-46B3-9677-C16078F6F9AE}.Release|Any CPU.Build.0 = Release|Any CPU
	EndGlobalSection
	GlobalSection(SolutionProperties) = preSolution
		HideSolutionNode = FALSE
	EndGlobalSection
	GlobalSection(ExtensibilityGlobals) = postSolution
		SolutionGuid = {39B53527-6A44-42F6-AE02-62BA91DE9516}
	EndGlobalSection
EndGlobal
